
Microsoft Visual Studio Solution File, Format Version 12.00
# Visual Studio Version 17
VisualStudioVersion = 17.13.35931.197 d17.13
MinimumVisualStudioVersion = 10.0.40219.1
Project("{FAE04EC0-301F-11D3-BF4B-00C04F79EFBC}") = "appAsistencia", "appAsistencia.csproj", "{3B6B5509-2544-4259-8B15-9697B7B8C24B}"
EndProject
Global
	GlobalSection(SolutionConfigurationPlatforms) = preSolution
		Debug|Any CPU = Debug|Any CPU
		Release|Any CPU = Release|Any CPU
	EndGlobalSection
	GlobalSection(ProjectConfigurationPlatforms) = postSolution
		{3B6B5509-2544-4259-8B15-9697B7B8C24B}.Debug|Any CPU.ActiveCfg = Debug|Any CPU
		{3B6B5509-2544-4259-8B15-9697B7B8C24B}.Debug|Any CPU.Build.0 = Debug|Any CPU
		{3B6B5509-2544-4259-8B15-9697B7B8C24B}.Release|Any CPU.ActiveCfg = Release|Any CPU
		{3B6B5509-2544-4259-8B15-9697B7B8C24B}.Release|Any CPU.Build.0 = Release|Any CPU
	EndGlobalSection
	GlobalSection(SolutionProperties) = preSolution
		HideSolutionNode = FALSE
	EndGlobalSection
	GlobalSection(ExtensibilityGlobals) = postSolution
		SolutionGuid = {7A9B03CB-0786-4840-810C-9908CCEF5D4C}
	EndGlobalSection
EndGlobal
